{
  "version": 4,
  "terraform_version": "1.1.2",
  "serial": 12,
  "lineage": "e6bd3dca-2638-8db1-6627-231b7cc56640",
  "outputs": {},
  "resources": [
    {
      "mode": "managed",
      "type": "github_actions_environment_secret",
      "name": "API_KEY",
      "provider": "provider[\"registry.terraform.io/integrations/github\"]",
      "instances": [
        {
          "schema_version": 0,
          "attributes": {
            "created_at": "2022-09-17 19:28:20 +0000 UTC",
            "encrypted_value": "M4oFPIJ+C32DX2s142W/JhGhgKLa4IniOQz6iRFPzRHdB1QA//tGY1ootReii0zU8mltyLzQVrW6FQ==",
            "environment": "mainnet",
            "id": "tf-repo:mainnet:API_KEY",
            "plaintext_value": "",
            "repository": "tf-repo",
            "secret_name": "API_KEY",
            "updated_at": "2022-09-17 19:28:20 +0000 UTC"
          },
          "sensitive_attributes": [],
          "private": "bnVsbA=="
        }
      ]
    },
    {
      "mode": "managed",
      "type": "github_repository_environment",
      "name": "testnet",
      "provider": "provider[\"registry.terraform.io/integrations/github\"]",
      "instances": [
        {
          "schema_version": 0,
          "attributes": {
            "deployment_branch_policy": [],
            "environment": "testnet",
            "id": "tf-repo:testnet",
            "repository": "tf-repo",
            "reviewers": [
              {
                "teams": null,
                "users": null
              }
            ],
            "wait_timer": null
          },
          "sensitive_attributes": [],
          "private": "bnVsbA=="
        }
      ]
    },
    {
      "mode": "managed",
      "type": "github_repository_environment",
      "name": "tf-repo",
      "provider": "provider[\"registry.terraform.io/integrations/github\"]",
      "instances": [
        {
          "schema_version": 0,
          "attributes": {
            "deployment_branch_policy": [
              {
                "custom_branch_policies": false,
                "protected_branches": true
              }
            ],
            "environment": "mainnet",
            "id": "tf-repo:mainnet",
            "repository": "tf-repo",
            "reviewers": [
              {
                "teams": [],
                "users": [
                  100330365
                ]
              }
            ],
            "wait_timer": null
          },
          "sensitive_attributes": [],
          "private": "bnVsbA=="
        }
      ]
    }
  ]
}
